
Microsoft Visual Studio Solution File, Format Version 12.00
# Visual Studio Version 16
VisualStudioVersion = 16.0.29509.3
MinimumVisualStudioVersion = 10.0.40219.1
Project("{FAE04EC0-301F-11D3-BF4B-00C04F79EFBC}") = "AudioAnalyzer", "AudioAnalyzer\AudioAnalyzer.csproj", "{FF6108F9-B220-4809-8F8D-E9C09E4D6188}"
EndProject
Project("{FAE04EC0-301F-11D3-BF4B-00C04F79EFBC}") = "SpectrumAnalyzer", "SpectrumAnalyzer\SpectrumAnalyzer.csproj", "{0E546DA4-18C9-49B4-9E18-101AB1D94256}"
EndProject
Global
	GlobalSection(SolutionConfigurationPlatforms) = preSolution
		Debug|Any CPU = Debug|Any CPU
		Release|Any CPU = Release|Any CPU
	EndGlobalSection
	GlobalSection(ProjectConfigurationPlatforms) = postSolution
		{FF6108F9-B220-4809-8F8D-E9C09E4D6188}.Debug|Any CPU.ActiveCfg = Debug|Any CPU
		{FF6108F9-B220-4809-8F8D-E9C09E4D6188}.Debug|Any CPU.Build.0 = Debug|Any CPU
		{FF6108F9-B220-4809-8F8D-E9C09E4D6188}.Release|Any CPU.ActiveCfg = Release|Any CPU
		{FF6108F9-B220-4809-8F8D-E9C09E4D6188}.Release|Any CPU.Build.0 = Release|Any CPU
		{0E546DA4-18C9-49B4-9E18-101AB1D94256}.Debug|Any CPU.ActiveCfg = Debug|Any CPU
		{0E546DA4-18C9-49B4-9E18-101AB1D94256}.Debug|Any CPU.Build.0 = Debug|Any CPU
		{0E546DA4-18C9-49B4-9E18-101AB1D94256}.Release|Any CPU.ActiveCfg = Release|Any CPU
		{0E546DA4-18C9-49B4-9E18-101AB1D94256}.Release|Any CPU.Build.0 = Release|Any CPU
	EndGlobalSection
	GlobalSection(SolutionProperties) = preSolution
		HideSolutionNode = FALSE
	EndGlobalSection
	GlobalSection(ExtensibilityGlobals) = postSolution
		SolutionGuid = {497A049F-175D-44A0-B058-9865AEC4BD41}
	EndGlobalSection
EndGlobal
